
Microsoft Visual Studio Solution File, Format Version 12.00
# Visual Studio Version 16
VisualStudioVersion = 16.0.30523.141
MinimumVisualStudioVersion = 10.0.40219.1
Project("{FAE04EC0-301F-11D3-BF4B-00C04F79EFBC}") = "EriExpress_v0.0.Android", "EriExpress_v0.0.Android\EriExpress_v0.0.Android.csproj", "{99D3ABDC-45A2-43C1-B0C9-4977F978E9BF}"
EndProject
Project("{FAE04EC0-301F-11D3-BF4B-00C04F79EFBC}") = "EriExpress_v0.0.iOS", "EriExpress_v0.0.iOS\EriExpress_v0.0.iOS.csproj", "{92F8A479-0984-47B3-889B-8AC8440AF6B9}"
EndProject
Project("{FAE04EC0-301F-11D3-BF4B-00C04F79EFBC}") = "EriExpress_v0.0", "EriExpress_v0.0\EriExpress_v0.0.csproj", "{6B1CFFC5-AE1A-4E3C-A4E6-C25F6B5A0FDF}"
EndProject
Global
	GlobalSection(SolutionConfigurationPlatforms) = preSolution
		Debug|Any CPU = Debug|Any CPU
		Debug|iPhone = Debug|iPhone
		Debug|iPhoneSimulator = Debug|iPhoneSimulator
		Release|Any CPU = Release|Any CPU
		Release|iPhone = Release|iPhone
		Release|iPhoneSimulator = Release|iPhoneSimulator
	EndGlobalSection
	GlobalSection(ProjectConfigurationPlatforms) = postSolution
		{99D3ABDC-45A2-43C1-B0C9-4977F978E9BF}.Debug|Any CPU.ActiveCfg = Debug|Any CPU
		{99D3ABDC-45A2-43C1-B0C9-4977F978E9BF}.Debug|Any CPU.Build.0 = Debug|Any CPU
		{99D3ABDC-45A2-43C1-B0C9-4977F978E9BF}.Debug|Any CPU.Deploy.0 = Debug|Any CPU
		{99D3ABDC-45A2-43C1-B0C9-4977F978E9BF}.Debug|iPhone.ActiveCfg = Debug|Any CPU
		{99D3ABDC-45A2-43C1-B0C9-4977F978E9BF}.Debug|iPhone.Build.0 = Debug|Any CPU
		{99D3ABDC-45A2-43C1-B0C9-4977F978E9BF}.Debug|iPhone.Deploy.0 = Debug|Any CPU
		{99D3ABDC-45A2-43C1-B0C9-4977F978E9BF}.Debug|iPhoneSimulator.ActiveCfg = Debug|Any CPU
		{99D3ABDC-45A2-43C1-B0C9-4977F978E9BF}.Debug|iPhoneSimulator.Build.0 = Debug|Any CPU
		{99D3ABDC-45A2-43C1-B0C9-4977F978E9BF}.Debug|iPhoneSimulator.Deploy.0 = Debug|Any CPU
		{99D3ABDC-45A2-43C1-B0C9-4977F978E9BF}.Release|Any CPU.ActiveCfg = Release|Any CPU
		{99D3ABDC-45A2-43C1-B0C9-4977F978E9BF}.Release|Any CPU.Build.0 = Release|Any CPU
		{99D3ABDC-45A2-43C1-B0C9-4977F978E9BF}.Release|Any CPU.Deploy.0 = Release|Any CPU
		{99D3ABDC-45A2-43C1-B0C9-4977F978E9BF}.Release|iPhone.ActiveCfg = Release|Any CPU
		{99D3ABDC-45A2-43C1-B0C9-4977F978E9BF}.Release|iPhone.Build.0 = Release|Any CPU
		{99D3ABDC-45A2-43C1-B0C9-4977F978E9BF}.Release|iPhone.Deploy.0 = Release|Any CPU
		{99D3ABDC-45A2-43C1-B0C9-4977F978E9BF}.Release|iPhoneSimulator.ActiveCfg = Release|Any CPU
		{99D3ABDC-45A2-43C1-B0C9-4977F978E9BF}.Release|iPhoneSimulator.Build.0 = Release|Any CPU
		{99D3ABDC-45A2-43C1-B0C9-4977F978E9BF}.Release|iPhoneSimulator.Deploy.0 = Release|Any CPU
		{92F8A479-0984-47B3-889B-8AC8440AF6B9}.Debug|Any CPU.ActiveCfg = Debug|iPhone
		{92F8A479-0984-47B3-889B-8AC8440AF6B9}.Debug|Any CPU.Build.0 = Debug|iPhone
		{92F8A479-0984-47B3-889B-8AC8440AF6B9}.Debug|Any CPU.Deploy.0 = Debug|iPhone
		{92F8A479-0984-47B3-889B-8AC8440AF6B9}.Debug|iPhone.ActiveCfg = Debug|iPhone
		{92F8A479-0984-47B3-889B-8AC8440AF6B9}.Debug|iPhone.Build.0 = Debug|iPhone
		{92F8A479-0984-47B3-889B-8AC8440AF6B9}.Debug|iPhone.Deploy.0 = Debug|iPhone
		{92F8A479-0984-47B3-889B-8AC8440AF6B9}.Debug|iPhoneSimulator.ActiveCfg = Debug|iPhoneSimulator
		{92F8A479-0984-47B3-889B-8AC8440AF6B9}.Debug|iPhoneSimulator.Build.0 = Debug|iPhoneSimulator
		{92F8A479-0984-47B3-889B-8AC8440AF6B9}.Debug|iPhoneSimulator.Deploy.0 = Debug|iPhoneSimulator
		{92F8A479-0984-47B3-889B-8AC8440AF6B9}.Release|Any CPU.ActiveCfg = Release|iPhoneSimulator
		{92F8A479-0984-47B3-889B-8AC8440AF6B9}.Release|Any CPU.Build.0 = Release|iPhoneSimulator
		{92F8A479-0984-47B3-889B-8AC8440AF6B9}.Release|Any CPU.Deploy.0 = Release|iPhoneSimulator
		{92F8A479-0984-47B3-889B-8AC8440AF6B9}.Release|iPhone.ActiveCfg = Release|iPhone
		{92F8A479-0984-47B3-889B-8AC8440AF6B9}.Release|iPhone.Build.0 = Release|iPhone
		{92F8A479-0984-47B3-889B-8AC8440AF6B9}.Release|iPhone.Deploy.0 = Release|iPhone
		{92F8A479-0984-47B3-889B-8AC8440AF6B9}.Release|iPhoneSimulator.ActiveCfg = Release|iPhoneSimulator
		{92F8A479-0984-47B3-889B-8AC8440AF6B9}.Release|iPhoneSimulator.Build.0 = Release|iPhoneSimulator
		{92F8A479-0984-47B3-889B-8AC8440AF6B9}.Release|iPhoneSimulator.Deploy.0 = Release|iPhoneSimulator
		{6B1CFFC5-AE1A-4E3C-A4E6-C25F6B5A0FDF}.Debug|Any CPU.ActiveCfg = Debug|Any CPU
		{6B1CFFC5-AE1A-4E3C-A4E6-C25F6B5A0FDF}.Debug|Any CPU.Build.0 = Debug|Any CPU
		{6B1CFFC5-AE1A-4E3C-A4E6-C25F6B5A0FDF}.Debug|Any CPU.Deploy.0 = Debug|Any CPU
		{6B1CFFC5-AE1A-4E3C-A4E6-C25F6B5A0FDF}.Debug|iPhone.ActiveCfg = Debug|Any CPU
		{6B1CFFC5-AE1A-4E3C-A4E6-C25F6B5A0FDF}.Debug|iPhone.Build.0 = Debug|Any CPU
		{6B1CFFC5-AE1A-4E3C-A4E6-C25F6B5A0FDF}.Debug|iPhone.Deploy.0 = Debug|Any CPU
		{6B1CFFC5-AE1A-4E3C-A4E6-C25F6B5A0FDF}.Debug|iPhoneSimulator.ActiveCfg = Debug|Any CPU
		{6B1CFFC5-AE1A-4E3C-A4E6-C25F6B5A0FDF}.Debug|iPhoneSimulator.Build.0 = Debug|Any CPU
		{6B1CFFC5-AE1A-4E3C-A4E6-C25F6B5A0FDF}.Debug|iPhoneSimulator.Deploy.0 = Debug|Any CPU
		{6B1CFFC5-AE1A-4E3C-A4E6-C25F6B5A0FDF}.Release|Any CPU.ActiveCfg = Release|Any CPU
		{6B1CFFC5-AE1A-4E3C-A4E6-C25F6B5A0FDF}.Release|Any CPU.Build.0 = Release|Any CPU
		{6B1CFFC5-AE1A-4E3C-A4E6-C25F6B5A0FDF}.Release|Any CPU.Deploy.0 = Release|Any CPU
		{6B1CFFC5-AE1A-4E3C-A4E6-C25F6B5A0FDF}.Release|iPhone.ActiveCfg = Release|Any CPU
		{6B1CFFC5-AE1A-4E3C-A4E6-C25F6B5A0FDF}.Release|iPhone.Build.0 = Release|Any CPU
		{6B1CFFC5-AE1A-4E3C-A4E6-C25F6B5A0FDF}.Release|iPhone.Deploy.0 = Release|Any CPU
		{6B1CFFC5-AE1A-4E3C-A4E6-C25F6B5A0FDF}.Release|iPhoneSimulator.ActiveCfg = Release|Any CPU
		{6B1CFFC5-AE1A-4E3C-A4E6-C25F6B5A0FDF}.Release|iPhoneSimulator.Build.0 = Release|Any CPU
		{6B1CFFC5-AE1A-4E3C-A4E6-C25F6B5A0FDF}.Release|iPhoneSimulator.Deploy.0 = Release|Any CPU
	EndGlobalSection
	GlobalSection(SolutionProperties) = preSolution
		HideSolutionNode = FALSE
	EndGlobalSection
	GlobalSection(ExtensibilityGlobals) = postSolution
		SolutionGuid = {3BA845DD-9F1F-4725-AC6B-10F515916AB6}
	EndGlobalSection
EndGlobal
